
Microsoft Visual Studio Solution File, Format Version 12.00
# Visual Studio Version 17
VisualStudioVersion = 17.9.34728.123
MinimumVisualStudioVersion = 10.0.40219.1
Project("{9A19103F-16F7-4668-BE54-9A1E7A4F7556}") = "dotnet.api.jwt", "dotnet.api.jwt\dotnet.api.jwt.csproj", "{740FB7E7-6981-46EB-996E-0B73C1C92D01}"
EndProject
Global
	GlobalSection(SolutionConfigurationPlatforms) = preSolution
		Debug|Any CPU = Debug|Any CPU
		Release|Any CPU = Release|Any CPU
	EndGlobalSection
	GlobalSection(ProjectConfigurationPlatforms) = postSolution
		{740FB7E7-6981-46EB-996E-0B73C1C92D01}.Debug|Any CPU.ActiveCfg = Debug|Any CPU
		{740FB7E7-6981-46EB-996E-0B73C1C92D01}.Debug|Any CPU.Build.0 = Debug|Any CPU
		{740FB7E7-6981-46EB-996E-0B73C1C92D01}.Release|Any CPU.ActiveCfg = Release|Any CPU
		{740FB7E7-6981-46EB-996E-0B73C1C92D01}.Release|Any CPU.Build.0 = Release|Any CPU
	EndGlobalSection
	GlobalSection(SolutionProperties) = preSolution
		HideSolutionNode = FALSE
	EndGlobalSection
	GlobalSection(ExtensibilityGlobals) = postSolution
		SolutionGuid = {162A4B7D-BB86-489E-84CB-529010789A5B}
	EndGlobalSection
EndGlobal
